
Microsoft Visual Studio Solution File, Format Version 12.00
# Visual Studio 15
VisualStudioVersion = 15.0.28307.271
MinimumVisualStudioVersion = 10.0.40219.1
Project("{F184B08F-C81C-45F6-A57F-5ABD9991F28F}") = "Clients", "Clients\Clients.vbproj", "{ED8A4363-6106-4E76-B5D2-C273A1D554BD}"
EndProject
Global
	GlobalSection(SolutionConfigurationPlatforms) = preSolution
		Debug|Any CPU = Debug|Any CPU
		Release|Any CPU = Release|Any CPU
	EndGlobalSection
	GlobalSection(ProjectConfigurationPlatforms) = postSolution
		{ED8A4363-6106-4E76-B5D2-C273A1D554BD}.Debug|Any CPU.ActiveCfg = Debug|Any CPU
		{ED8A4363-6106-4E76-B5D2-C273A1D554BD}.Debug|Any CPU.Build.0 = Debug|Any CPU
		{ED8A4363-6106-4E76-B5D2-C273A1D554BD}.Release|Any CPU.ActiveCfg = Release|Any CPU
		{ED8A4363-6106-4E76-B5D2-C273A1D554BD}.Release|Any CPU.Build.0 = Release|Any CPU
	EndGlobalSection
	GlobalSection(SolutionProperties) = preSolution
		HideSolutionNode = FALSE
	EndGlobalSection
	GlobalSection(ExtensibilityGlobals) = postSolution
		SolutionGuid = {D5B3AF32-80A8-4DB2-977B-73E0C18EA047}
	EndGlobalSection
EndGlobal
